
Microsoft Visual Studio Solution File, Format Version 12.00
# Visual Studio Version 17
VisualStudioVersion = 17.4.33122.133
MinimumVisualStudioVersion = 10.0.40219.1
Project("{FAE04EC0-301F-11D3-BF4B-00C04F79EFBC}") = "RelationshipAdminOrUser", "RelationshipAdminOrUser.csproj", "{FBE2DCE3-76F2-4BFD-95B8-89BB95C7828C}"
EndProject
Global
	GlobalSection(SolutionConfigurationPlatforms) = preSolution
		Debug|Any CPU = Debug|Any CPU
		Release|Any CPU = Release|Any CPU
	EndGlobalSection
	GlobalSection(ProjectConfigurationPlatforms) = postSolution
		{FBE2DCE3-76F2-4BFD-95B8-89BB95C7828C}.Debug|Any CPU.ActiveCfg = Debug|Any CPU
		{FBE2DCE3-76F2-4BFD-95B8-89BB95C7828C}.Debug|Any CPU.Build.0 = Debug|Any CPU
		{FBE2DCE3-76F2-4BFD-95B8-89BB95C7828C}.Release|Any CPU.ActiveCfg = Release|Any CPU
		{FBE2DCE3-76F2-4BFD-95B8-89BB95C7828C}.Release|Any CPU.Build.0 = Release|Any CPU
	EndGlobalSection
	GlobalSection(SolutionProperties) = preSolution
		HideSolutionNode = FALSE
	EndGlobalSection
	GlobalSection(ExtensibilityGlobals) = postSolution
		SolutionGuid = {5E2DCC3B-5052-4702-BE28-2C6A3A8F796D}
	EndGlobalSection
EndGlobal
